
Microsoft Visual Studio Solution File, Format Version 12.00
# Visual Studio 2013
VisualStudioVersion = 12.0.21005.1
MinimumVisualStudioVersion = 10.0.40219.1
Project("{FAE04EC0-301F-11D3-BF4B-00C04F79EFBC}") = "Core", "Core\Core.csproj", "{15F15B8D-AD24-40D6-B489-82C447AC98AF}"
EndProject
Project("{FAE04EC0-301F-11D3-BF4B-00C04F79EFBC}") = "MerchantA", "MerchantA\MerchantA.csproj", "{E33938D4-CFD1-45B7-968B-3681B3AD4443}"
EndProject
Project("{FAE04EC0-301F-11D3-BF4B-00C04F79EFBC}") = "NCDC", "NCDC\NCDC.csproj", "{B7526D89-DAA9-42E7-A500-A243875134F2}"
EndProject
Project("{FAE04EC0-301F-11D3-BF4B-00C04F79EFBC}") = "MCI", "MCI\MCI.csproj", "{ED7B4BC8-C0DA-41B3-96F0-F12FF35D0E9B}"
EndProject
Global
	GlobalSection(SolutionConfigurationPlatforms) = preSolution
		Debug|Any CPU = Debug|Any CPU
		Release|Any CPU = Release|Any CPU
	EndGlobalSection
	GlobalSection(ProjectConfigurationPlatforms) = postSolution
		{15F15B8D-AD24-40D6-B489-82C447AC98AF}.Debug|Any CPU.ActiveCfg = Debug|Any CPU
		{15F15B8D-AD24-40D6-B489-82C447AC98AF}.Debug|Any CPU.Build.0 = Debug|Any CPU
		{15F15B8D-AD24-40D6-B489-82C447AC98AF}.Release|Any CPU.ActiveCfg = Release|Any CPU
		{15F15B8D-AD24-40D6-B489-82C447AC98AF}.Release|Any CPU.Build.0 = Release|Any CPU
		{E33938D4-CFD1-45B7-968B-3681B3AD4443}.Debug|Any CPU.ActiveCfg = Debug|Any CPU
		{E33938D4-CFD1-45B7-968B-3681B3AD4443}.Debug|Any CPU.Build.0 = Debug|Any CPU
		{E33938D4-CFD1-45B7-968B-3681B3AD4443}.Release|Any CPU.ActiveCfg = Release|Any CPU
		{E33938D4-CFD1-45B7-968B-3681B3AD4443}.Release|Any CPU.Build.0 = Release|Any CPU
		{B7526D89-DAA9-42E7-A500-A243875134F2}.Debug|Any CPU.ActiveCfg = Debug|Any CPU
		{B7526D89-DAA9-42E7-A500-A243875134F2}.Debug|Any CPU.Build.0 = Debug|Any CPU
		{B7526D89-DAA9-42E7-A500-A243875134F2}.Release|Any CPU.ActiveCfg = Release|Any CPU
		{B7526D89-DAA9-42E7-A500-A243875134F2}.Release|Any CPU.Build.0 = Release|Any CPU
		{ED7B4BC8-C0DA-41B3-96F0-F12FF35D0E9B}.Debug|Any CPU.ActiveCfg = Debug|Any CPU
		{ED7B4BC8-C0DA-41B3-96F0-F12FF35D0E9B}.Debug|Any CPU.Build.0 = Debug|Any CPU
		{ED7B4BC8-C0DA-41B3-96F0-F12FF35D0E9B}.Release|Any CPU.ActiveCfg = Release|Any CPU
		{ED7B4BC8-C0DA-41B3-96F0-F12FF35D0E9B}.Release|Any CPU.Build.0 = Release|Any CPU
	EndGlobalSection
	GlobalSection(SolutionProperties) = preSolution
		HideSolutionNode = FALSE
	EndGlobalSection
EndGlobal
