
Microsoft Visual Studio Solution File, Format Version 12.00
# Visual Studio 2013
VisualStudioVersion = 12.0.21005.1
MinimumVisualStudioVersion = 10.0.40219.1
Project("{FAE04EC0-301F-11D3-BF4B-00C04F79EFBC}") = "Khalaf", "Khalaf\Khalaf.csproj", "{49EDAC3C-63D2-4A89-8CF0-BC7FFC23F59C}"
EndProject
Project("{FAE04EC0-301F-11D3-BF4B-00C04F79EFBC}") = "Server3", "Server3\Server3.csproj", "{267E9675-B34B-4652-BD4C-F8DF095F214C}"
EndProject
Project("{FAE04EC0-301F-11D3-BF4B-00C04F79EFBC}") = "Server2", "Server2\Server2.csproj", "{895AE239-C2C5-4A9F-B2F1-F7C60334F3E2}"
EndProject
Global
	GlobalSection(SolutionConfigurationPlatforms) = preSolution
		Debug|Any CPU = Debug|Any CPU
		Release|Any CPU = Release|Any CPU
	EndGlobalSection
	GlobalSection(ProjectConfigurationPlatforms) = postSolution
		{49EDAC3C-63D2-4A89-8CF0-BC7FFC23F59C}.Debug|Any CPU.ActiveCfg = Debug|Any CPU
		{49EDAC3C-63D2-4A89-8CF0-BC7FFC23F59C}.Debug|Any CPU.Build.0 = Debug|Any CPU
		{49EDAC3C-63D2-4A89-8CF0-BC7FFC23F59C}.Release|Any CPU.ActiveCfg = Release|Any CPU
		{49EDAC3C-63D2-4A89-8CF0-BC7FFC23F59C}.Release|Any CPU.Build.0 = Release|Any CPU
		{267E9675-B34B-4652-BD4C-F8DF095F214C}.Debug|Any CPU.ActiveCfg = Debug|Any CPU
		{267E9675-B34B-4652-BD4C-F8DF095F214C}.Debug|Any CPU.Build.0 = Debug|Any CPU
		{267E9675-B34B-4652-BD4C-F8DF095F214C}.Release|Any CPU.ActiveCfg = Release|Any CPU
		{267E9675-B34B-4652-BD4C-F8DF095F214C}.Release|Any CPU.Build.0 = Release|Any CPU
		{895AE239-C2C5-4A9F-B2F1-F7C60334F3E2}.Debug|Any CPU.ActiveCfg = Debug|Any CPU
		{895AE239-C2C5-4A9F-B2F1-F7C60334F3E2}.Debug|Any CPU.Build.0 = Debug|Any CPU
		{895AE239-C2C5-4A9F-B2F1-F7C60334F3E2}.Release|Any CPU.ActiveCfg = Release|Any CPU
		{895AE239-C2C5-4A9F-B2F1-F7C60334F3E2}.Release|Any CPU.Build.0 = Release|Any CPU
	EndGlobalSection
	GlobalSection(SolutionProperties) = preSolution
		HideSolutionNode = FALSE
	EndGlobalSection
EndGlobal
